{
  "name": "brockcentralstation",
  "lockfileVersion": 2,
  "requires": true,
  "packages": {
    "": {
      "dependencies": {
        "@nivo/line": "^0.74.1",
        "chart.js": "^3.6.0",
        "react-grid-layout": "^1.3.0"
      }
    },
    "node_modules/@nivo/annotations": {
      "version": "0.74.1",
      "resolved": "https://registry.npmjs.org/@nivo/annotations/-/annotations-0.74.1.tgz",
      "integrity": "sha512-xeaSRrsBNJRJ7nenh6b7PpBoAbNamzKLuul4P4ItPaCJRdEbtHtuRDZM67H4zR11PORusAAd8sB1uY4arvrt7Q==",
      "dependencies": {
        "@nivo/colors": "0.74.1",
        "@react-spring/web": "9.3.1",
        "lodash": "^4.17.21"
      },
      "peerDependencies": {
        "@nivo/core": "0.74.1",
        "react": ">= 16.14.0 < 18.0.0"
      }
    },
    "node_modules/@nivo/axes": {
      "version": "0.74.1",
      "resolved": "https://registry.npmjs.org/@nivo/axes/-/axes-0.74.1.tgz",
      "integrity": "sha512-kwzjuhB5W204rrqO0mqqXtOvoHt4APNUJxylw5OGQDg9L8f5U28TPq+bGkar+vpKMtpFjQdOiwUoMPAq7RyCYQ==",
      "dependencies": {
        "@nivo/scales": "0.74.0",
        "@react-spring/web": "9.3.1",
        "d3-format": "^1.4.4",
        "d3-time-format": "^3.0.0"
      },
      "peerDependencies": {
        "@nivo/core": "0.74.1",
        "prop-types": ">= 15.5.10 < 16.0.0",
        "react": ">= 16.14.0 < 18.0.0"
      }
    },
    "node_modules/@nivo/colors": {
      "version": "0.74.1",
      "resolved": "https://registry.npmjs.org/@nivo/colors/-/colors-0.74.1.tgz",
      "integrity": "sha512-QS8++QPBC1eQoGVfVy4DHjeAzpWMAkRLfSSTQ9cDDZtzM5Y4AE6AD1P9iXX9987lY080+vEqIu9hgqkoey4V3g==",
      "dependencies": {
        "d3-color": "^2.0.0",
        "d3-scale": "^3.2.3",
        "d3-scale-chromatic": "^2.0.0",
        "lodash": "^4.17.21",
        "react-motion": "^0.5.2"
      },
      "peerDependencies": {
        "@nivo/core": "0.74.1",
        "prop-types": ">= 15.5.10 < 16.0.0",
        "react": ">= 16.14.0 < 18.0.0"
      }
    },
    "node_modules/@nivo/colors/node_modules/react-motion": {
      "version": "0.5.2",
      "resolved": "https://registry.npmjs.org/react-motion/-/react-motion-0.5.2.tgz",
      "integrity": "sha512-9q3YAvHoUiWlP3cK0v+w1N5Z23HXMj4IF4YuvjvWegWqNPfLXsOBE/V7UvQGpXxHFKRQQcNcVQE31g9SB/6qgQ==",
      "dependencies": {
        "performance-now": "^0.2.0",
        "prop-types": "^15.5.8",
        "raf": "^3.1.0"
      },
      "peerDependencies": {
        "react": "^0.14.9 || ^15.3.0 || ^16.0.0"
      }
    },
    "node_modules/@nivo/core": {
      "version": "0.74.1",
      "resolved": "https://registry.npmjs.org/@nivo/core/-/core-0.74.1.tgz",
      "integrity": "sha512-uwSxCSky95Yc3FLZIqwm27ZHXII25osQGIlSFgehsed/5Zl3RRsQYzffzA+QOcFxLJTQcUx1oUmof0zxbUIbtA==",
      "peer": true,
      "dependencies": {
        "@nivo/recompose": "0.74.0",
        "@react-spring/web": "9.3.1",
        "d3-color": "^2.0.0",
        "d3-format": "^1.4.4",
        "d3-hierarchy": "^1.1.8",
        "d3-interpolate": "^2.0.1",
        "d3-scale": "^3.2.3",
        "d3-scale-chromatic": "^2.0.0",
        "d3-shape": "^1.3.5",
        "d3-time-format": "^3.0.0",
        "lodash": "^4.17.21",
        "resize-observer-polyfill": "^1.5.1"
      },
      "peerDependencies": {
        "@nivo/tooltip": "0.74.1",
        "prop-types": ">= 15.5.10 < 16.0.0",
        "react": ">= 16.14.0 < 18.0.0"
      }
    },
    "node_modules/@nivo/legends": {
      "version": "0.74.1",
      "resolved": "https://registry.npmjs.org/@nivo/legends/-/legends-0.74.1.tgz",
      "integrity": "sha512-ATxAVcX5p/gbcTZ2NfJg7c0GDAyylkFRaViXuVH0+HJT5OHdesvbF/W9x0ieO1XoV6iWDcubkxnsscYFr1UyFA==",
      "peerDependencies": {
        "@nivo/core": "0.74.1",
        "prop-types": ">= 15.5.10 < 16.0.0",
        "react": ">= 16.14.0 < 18.0.0"
      }
    },
    "node_modules/@nivo/line": {
      "version": "0.74.1",
      "resolved": "https://registry.npmjs.org/@nivo/line/-/line-0.74.1.tgz",
      "integrity": "sha512-vtHnMViVScgHQDtlrIugS4XJRDNy4u+czsDrV1zToBI98u2PAOs13+SmvBlKIipKCXvU+2pzZNqNxSpXETHVCA==",
      "dependencies": {
        "@nivo/annotations": "0.74.1",
        "@nivo/axes": "0.74.1",
        "@nivo/colors": "0.74.1",
        "@nivo/legends": "0.74.1",
        "@nivo/scales": "0.74.0",
        "@nivo/tooltip": "0.74.1",
        "@nivo/voronoi": "0.74.1",
        "@react-spring/web": "9.3.1",
        "d3-shape": "^1.3.5"
      },
      "peerDependencies": {
        "@nivo/core": "0.74.1",
        "prop-types": ">= 15.5.10 < 16.0.0",
        "react": ">= 16.14.0 < 18.0.0"
      }
    },
    "node_modules/@nivo/recompose": {
      "version": "0.74.0",
      "resolved": "https://registry.npmjs.org/@nivo/recompose/-/recompose-0.74.0.tgz",
      "integrity": "sha512-qC9gzGvDIxocrJoozDjqqffOwDpuEZijeMV59KExnztCwIpQbIYVBsDdpvL+tXfWausigSlnGILGfereXJTLUQ==",
      "peer": true,
      "dependencies": {
        "react-lifecycles-compat": "^3.0.4"
      },
      "peerDependencies": {
        "react": ">= 16.14.0 < 18.0.0"
      }
    },
    "node_modules/@nivo/scales": {
      "version": "0.74.0",
      "resolved": "https://registry.npmjs.org/@nivo/scales/-/scales-0.74.0.tgz",
      "integrity": "sha512-5mER71NgZGdgs8X2PgilBpAWMMGtTXrUuYOBQWDKDMgtc83MU+mphhiYfLv5e6ViZyUB5ebfEkfeIgStLqrcEA==",
      "dependencies": {
        "d3-scale": "^3.2.3",
        "d3-time": "^1.0.11",
        "d3-time-format": "^3.0.0",
        "lodash": "^4.17.21"
      }
    },
    "node_modules/@nivo/tooltip": {
      "version": "0.74.1",
      "resolved": "https://registry.npmjs.org/@nivo/tooltip/-/tooltip-0.74.1.tgz",
      "integrity": "sha512-7Z/uHB+u1srlXaQnnywSVY8LOG6TiZpZUu+KRkV5UaOv0RcUqjgAz7vSSoJQIg19s6gOw8YDqm5sgHRtliQ3Wg==",
      "dependencies": {
        "@react-spring/web": "9.3.1"
      },
      "peerDependencies": {
        "@nivo/core": "0.74.1"
      }
    },
    "node_modules/@nivo/voronoi": {
      "version": "0.74.1",
      "resolved": "https://registry.npmjs.org/@nivo/voronoi/-/voronoi-0.74.1.tgz",
      "integrity": "sha512-1meqmw6wFNthg92WW9dsthJbUak+VuZXXMQpN0/qqZg4VHdW+qxzr6MM4WHLlEokICHsbhMCHSUIR2I41iHgYg==",
      "dependencies": {
        "d3-delaunay": "^5.3.0",
        "d3-scale": "^3.2.3"
      },
      "peerDependencies": {
        "@nivo/core": "0.74.1",
        "react": ">= 16.14.0 < 18.0.0"
      }
    },
    "node_modules/@react-spring/animated": {
      "version": "9.3.1",
      "resolved": "https://registry.npmjs.org/@react-spring/animated/-/animated-9.3.1.tgz",
      "integrity": "sha512-23YaERZ++BwZ8F8PxPFqrpOwp/JZun1Pj6aHZtPAU42j5LycBRasT9XMw7Eyr7zNFhT+rl3R3wFfd4WX6Ax+UA==",
      "dependencies": {
        "@react-spring/shared": "~9.3.0",
        "@react-spring/types": "~9.3.0"
      },
      "peerDependencies": {
        "react": "^16.8.0  || ^17.0.0"
      }
    },
    "node_modules/@react-spring/core": {
      "version": "9.3.1",
      "resolved": "https://registry.npmjs.org/@react-spring/core/-/core-9.3.1.tgz",
      "integrity": "sha512-8rmfmEHLHGtF1CUiXRn64YJqsXNxv2cGX8oNnBnsuoE33c48Zc34t2VIMB4R9q5zwIUCvDBGfiEenA8ZAPxqOQ==",
      "dependencies": {
        "@react-spring/animated": "~9.3.0",
        "@react-spring/shared": "~9.3.0",
        "@react-spring/types": "~9.3.0"
      },
      "funding": {
        "type": "opencollective",
        "url": "https://opencollective.com/react-spring/donate"
      },
      "peerDependencies": {
        "react": "^16.8.0  || ^17.0.0"
      }
    },
    "node_modules/@react-spring/rafz": {
      "version": "9.3.1",
      "resolved": "https://registry.npmjs.org/@react-spring/rafz/-/rafz-9.3.1.tgz",
      "integrity": "sha512-fEBMCarGVl+/2kdO+g6Zig4F+3ymwmcGN8S71gb1c7Cbbxb87kviPz8EhshfIHoiLeJPGlqwcuGbxNmZbBamvA=="
    },
    "node_modules/@react-spring/shared": {
      "version": "9.3.1",
      "resolved": "https://registry.npmjs.org/@react-spring/shared/-/shared-9.3.1.tgz",
      "integrity": "sha512-jhPpxzURGo6Nty90ex1lkxmZae7w/VAbnGmb/nXcYoZwSoNR+W2aAd00iXsh2ZGz6MgoJOsc495JeG3uC7Am8A==",
      "dependencies": {
        "@react-spring/rafz": "~9.3.0",
        "@react-spring/types": "~9.3.0"
      },
      "peerDependencies": {
        "react": "^16.8.0  || ^17.0.0"
      }
    },
    "node_modules/@react-spring/types": {
      "version": "9.3.1",
      "resolved": "https://registry.npmjs.org/@react-spring/types/-/types-9.3.1.tgz",
      "integrity": "sha512-W/YMJMX35XgGGzX0gKORBTwnvQ+1loDOFN3XlZkW5fgpEY+7VkRUpPyqPWXQr3n6lHrsLmHIGdpznqZi54ACTQ=="
    },
    "node_modules/@react-spring/web": {
      "version": "9.3.1",
      "resolved": "https://registry.npmjs.org/@react-spring/web/-/web-9.3.1.tgz",
      "integrity": "sha512-sisZIgFGva/Z+xKWPSfXpukF0AP3kR9ALTxlHL87fVotMUCJX5vtH/YlVcywToEFwTHKt3MpI5Wy2M+vgVEeaw==",
      "dependencies": {
        "@react-spring/animated": "~9.3.0",
        "@react-spring/core": "~9.3.0",
        "@react-spring/shared": "~9.3.0",
        "@react-spring/types": "~9.3.0"
      },
      "peerDependencies": {
        "react": "^16.8.0  || ^17.0.0",
        "react-dom": "^16.8.0  || ^17.0.0"
      }
    },
    "node_modules/chart.js": {
      "version": "3.6.0",
      "resolved": "https://registry.npmjs.org/chart.js/-/chart.js-3.6.0.tgz",
      "integrity": "sha512-iOzzDKePL+bj+ccIsVAgWQehCXv8xOKGbaU2fO/myivH736zcx535PGJzQGanvcSGVOqX6yuLZsN3ygcQ35UgQ=="
    },
    "node_modules/classnames": {
      "version": "2.3.1",
      "resolved": "https://registry.npmjs.org/classnames/-/classnames-2.3.1.tgz",
      "integrity": "sha512-OlQdbZ7gLfGarSqxesMesDa5uz7KFbID8Kpq/SxIoNGDqY8lSYs0D+hhtBXhcdB3rcbXArFr7vlHheLk1voeNA=="
    },
    "node_modules/clsx": {
      "version": "1.1.1",
      "resolved": "https://registry.npmjs.org/clsx/-/clsx-1.1.1.tgz",
      "integrity": "sha512-6/bPho624p3S2pMyvP5kKBPXnI3ufHLObBFCfgx+LkeR5lg2XYy2hqZqUf45ypD8COn2bhgGJSUE+l5dhNBieA==",
      "engines": {
        "node": ">=6"
      }
    },
    "node_modules/d3-array": {
      "version": "2.12.1",
      "resolved": "https://registry.npmjs.org/d3-array/-/d3-array-2.12.1.tgz",
      "integrity": "sha512-B0ErZK/66mHtEsR1TkPEEkwdy+WDesimkM5gpZr5Dsg54BiTA5RXtYW5qTLIAcekaS9xfZrzBLF/OAkB3Qn1YQ==",
      "dependencies": {
        "internmap": "^1.0.0"
      }
    },
    "node_modules/d3-color": {
      "version": "2.0.0",
      "resolved": "https://registry.npmjs.org/d3-color/-/d3-color-2.0.0.tgz",
      "integrity": "sha512-SPXi0TSKPD4g9tw0NMZFnR95XVgUZiBH+uUTqQuDu1OsE2zomHU7ho0FISciaPvosimixwHFl3WHLGabv6dDgQ=="
    },
    "node_modules/d3-delaunay": {
      "version": "5.3.0",
      "resolved": "https://registry.npmjs.org/d3-delaunay/-/d3-delaunay-5.3.0.tgz",
      "integrity": "sha512-amALSrOllWVLaHTnDLHwMIiz0d1bBu9gZXd1FiLfXf8sHcX9jrcj81TVZOqD4UX7MgBZZ07c8GxzEgBpJqc74w==",
      "dependencies": {
        "delaunator": "4"
      }
    },
    "node_modules/d3-format": {
      "version": "1.4.5",
      "resolved": "https://registry.npmjs.org/d3-format/-/d3-format-1.4.5.tgz",
      "integrity": "sha512-J0piedu6Z8iB6TbIGfZgDzfXxUFN3qQRMofy2oPdXzQibYGqPB/9iMcxr/TGalU+2RsyDO+U4f33id8tbnSRMQ=="
    },
    "node_modules/d3-hierarchy": {
      "version": "1.1.9",
      "resolved": "https://registry.npmjs.org/d3-hierarchy/-/d3-hierarchy-1.1.9.tgz",
      "integrity": "sha512-j8tPxlqh1srJHAtxfvOUwKNYJkQuBFdM1+JAUfq6xqH5eAqf93L7oG1NVqDa4CpFZNvnNKtCYEUC8KY9yEn9lQ==",
      "peer": true
    },
    "node_modules/d3-interpolate": {
      "version": "2.0.1",
      "resolved": "https://registry.npmjs.org/d3-interpolate/-/d3-interpolate-2.0.1.tgz",
      "integrity": "sha512-c5UhwwTs/yybcmTpAVqwSFl6vrQ8JZJoT5F7xNFK9pymv5C0Ymcc9/LIJHtYIggg/yS9YHw8i8O8tgb9pupjeQ==",
      "dependencies": {
        "d3-color": "1 - 2"
      }
    },
    "node_modules/d3-path": {
      "version": "1.0.9",
      "resolved": "https://registry.npmjs.org/d3-path/-/d3-path-1.0.9.tgz",
      "integrity": "sha512-VLaYcn81dtHVTjEHd8B+pbe9yHWpXKZUC87PzoFmsFrJqgFwDe/qxfp5MlfsfM1V5E/iVt0MmEbWQ7FVIXh/bg=="
    },
    "node_modules/d3-scale": {
      "version": "3.3.0",
      "resolved": "https://registry.npmjs.org/d3-scale/-/d3-scale-3.3.0.tgz",
      "integrity": "sha512-1JGp44NQCt5d1g+Yy+GeOnZP7xHo0ii8zsQp6PGzd+C1/dl0KGsp9A7Mxwp+1D1o4unbTTxVdU/ZOIEBoeZPbQ==",
      "dependencies": {
        "d3-array": "^2.3.0",
        "d3-format": "1 - 2",
        "d3-interpolate": "1.2.0 - 2",
        "d3-time": "^2.1.1",
        "d3-time-format": "2 - 3"
      }
    },
    "node_modules/d3-scale-chromatic": {
      "version": "2.0.0",
      "resolved": "https://registry.npmjs.org/d3-scale-chromatic/-/d3-scale-chromatic-2.0.0.tgz",
      "integrity": "sha512-LLqy7dJSL8yDy7NRmf6xSlsFZ6zYvJ4BcWFE4zBrOPnQERv9zj24ohnXKRbyi9YHnYV+HN1oEO3iFK971/gkzA==",
      "dependencies": {
        "d3-color": "1 - 2",
        "d3-interpolate": "1 - 2"
      }
    },
    "node_modules/d3-scale/node_modules/d3-time": {
      "version": "2.1.1",
      "resolved": "https://registry.npmjs.org/d3-time/-/d3-time-2.1.1.tgz",
      "integrity": "sha512-/eIQe/eR4kCQwq7yxi7z4c6qEXf2IYGcjoWB5OOQy4Tq9Uv39/947qlDcN2TLkiTzQWzvnsuYPB9TrWaNfipKQ==",
      "dependencies": {
        "d3-array": "2"
      }
    },
    "node_modules/d3-shape": {
      "version": "1.3.7",
      "resolved": "https://registry.npmjs.org/d3-shape/-/d3-shape-1.3.7.tgz",
      "integrity": "sha512-EUkvKjqPFUAZyOlhY5gzCxCeI0Aep04LwIRpsZ/mLFelJiUfnK56jo5JMDSE7yyP2kLSb6LtF+S5chMk7uqPqw==",
      "dependencies": {
        "d3-path": "1"
      }
    },
    "node_modules/d3-time": {
      "version": "1.1.0",
      "resolved": "https://registry.npmjs.org/d3-time/-/d3-time-1.1.0.tgz",
      "integrity": "sha512-Xh0isrZ5rPYYdqhAVk8VLnMEidhz5aP7htAADH6MfzgmmicPkTo8LhkLxci61/lCB7n7UmE3bN0leRt+qvkLxA=="
    },
    "node_modules/d3-time-format": {
      "version": "3.0.0",
      "resolved": "https://registry.npmjs.org/d3-time-format/-/d3-time-format-3.0.0.tgz",
      "integrity": "sha512-UXJh6EKsHBTjopVqZBhFysQcoXSv/5yLONZvkQ5Kk3qbwiUYkdX17Xa1PT6U1ZWXGGfB1ey5L8dKMlFq2DO0Ag==",
      "dependencies": {
        "d3-time": "1 - 2"
      }
    },
    "node_modules/delaunator": {
      "version": "4.0.1",
      "resolved": "https://registry.npmjs.org/delaunator/-/delaunator-4.0.1.tgz",
      "integrity": "sha512-WNPWi1IRKZfCt/qIDMfERkDp93+iZEmOxN2yy4Jg+Xhv8SLk2UTqqbe1sfiipn0and9QrE914/ihdx82Y/Giag=="
    },
    "node_modules/internmap": {
      "version": "1.0.1",
      "resolved": "https://registry.npmjs.org/internmap/-/internmap-1.0.1.tgz",
      "integrity": "sha512-lDB5YccMydFBtasVtxnZ3MRBHuaoE8GKsppq+EchKL2U4nK/DmEpPHNH8MZe5HkMtpSiTSOZwfN0tzYjO/lJEw=="
    },
    "node_modules/js-tokens": {
      "version": "4.0.0",
      "resolved": "https://registry.npmjs.org/js-tokens/-/js-tokens-4.0.0.tgz",
      "integrity": "sha512-RdJUflcE3cUzKiMqQgsCu06FPu9UdIJO0beYbPhHN4k6apgJtifcoCtT9bcxOpYBtpD2kCM6Sbzg4CausW/PKQ=="
    },
    "node_modules/lodash": {
      "version": "4.17.21",
      "resolved": "https://registry.npmjs.org/lodash/-/lodash-4.17.21.tgz",
      "integrity": "sha512-v2kDEe57lecTulaDIuNTPy3Ry4gLGJ6Z1O3vE1krgXZNrsQ+LFTGHVxVjcXPs17LhbZVGedAJv8XZ1tvj5FvSg=="
    },
    "node_modules/lodash.isequal": {
      "version": "4.5.0",
      "resolved": "https://registry.npmjs.org/lodash.isequal/-/lodash.isequal-4.5.0.tgz",
      "integrity": "sha1-QVxEePK8wwEgwizhDtMib30+GOA="
    },
    "node_modules/loose-envify": {
      "version": "1.4.0",
      "resolved": "https://registry.npmjs.org/loose-envify/-/loose-envify-1.4.0.tgz",
      "integrity": "sha512-lyuxPGr/Wfhrlem2CL/UcnUc1zcqKAImBDzukY7Y5F/yQiNdko6+fRLevlw1HgMySw7f611UIY408EtxRSoK3Q==",
      "dependencies": {
        "js-tokens": "^3.0.0 || ^4.0.0"
      },
      "bin": {
        "loose-envify": "cli.js"
      }
    },
    "node_modules/object-assign": {
      "version": "4.1.1",
      "resolved": "https://registry.npmjs.org/object-assign/-/object-assign-4.1.1.tgz",
      "integrity": "sha1-IQmtx5ZYh8/AXLvUQsrIv7s2CGM=",
      "engines": {
        "node": ">=0.10.0"
      }
    },
    "node_modules/performance-now": {
      "version": "0.2.0",
      "resolved": "https://registry.npmjs.org/performance-now/-/performance-now-0.2.0.tgz",
      "integrity": "sha1-M+8wxcd9TqIcWlOGnZG1bY8lVeU="
    },
    "node_modules/prop-types": {
      "version": "15.7.2",
      "resolved": "https://registry.npmjs.org/prop-types/-/prop-types-15.7.2.tgz",
      "integrity": "sha512-8QQikdH7//R2vurIJSutZ1smHYTcLpRWEOlHnzcWHmBYrOGUysKwSsrC89BCiFj3CbrfJ/nXFdJepOVrY1GCHQ==",
      "dependencies": {
        "loose-envify": "^1.4.0",
        "object-assign": "^4.1.1",
        "react-is": "^16.8.1"
      }
    },
    "node_modules/raf": {
      "version": "3.4.1",
      "resolved": "https://registry.npmjs.org/raf/-/raf-3.4.1.tgz",
      "integrity": "sha512-Sq4CW4QhwOHE8ucn6J34MqtZCeWFP2aQSmrlroYgqAV1PjStIhJXxYuTgUIfkEk7zTLjmIjLmU5q+fbD1NnOJA==",
      "dependencies": {
        "performance-now": "^2.1.0"
      }
    },
    "node_modules/raf/node_modules/performance-now": {
      "version": "2.1.0",
      "resolved": "https://registry.npmjs.org/performance-now/-/performance-now-2.1.0.tgz",
      "integrity": "sha1-Ywn04OX6kT7BxpMHrjZLSzd8nns="
    },
    "node_modules/react": {
      "version": "17.0.2",
      "resolved": "https://registry.npmjs.org/react/-/react-17.0.2.tgz",
      "integrity": "sha512-gnhPt75i/dq/z3/6q/0asP78D0u592D5L1pd7M8P+dck6Fu/jJeL6iVVK23fptSUZj8Vjf++7wXA8UNclGQcbA==",
      "peer": true,
      "dependencies": {
        "loose-envify": "^1.1.0",
        "object-assign": "^4.1.1"
      },
      "engines": {
        "node": ">=0.10.0"
      }
    },
    "node_modules/react-dom": {
      "version": "17.0.2",
      "resolved": "https://registry.npmjs.org/react-dom/-/react-dom-17.0.2.tgz",
      "integrity": "sha512-s4h96KtLDUQlsENhMn1ar8t2bEa+q/YAtj8pPPdIjPDGBDIVNsrD9aXNWqspUe6AzKCIG0C1HZZLqLV7qpOBGA==",
      "peer": true,
      "dependencies": {
        "loose-envify": "^1.1.0",
        "object-assign": "^4.1.1",
        "scheduler": "^0.20.2"
      },
      "peerDependencies": {
        "react": "17.0.2"
      }
    },
    "node_modules/react-draggable": {
      "version": "4.4.4",
      "resolved": "https://registry.npmjs.org/react-draggable/-/react-draggable-4.4.4.tgz",
      "integrity": "sha512-6e0WdcNLwpBx/YIDpoyd2Xb04PB0elrDrulKUgdrIlwuYvxh5Ok9M+F8cljm8kPXXs43PmMzek9RrB1b7mLMqA==",
      "dependencies": {
        "clsx": "^1.1.1",
        "prop-types": "^15.6.0"
      },
      "peerDependencies": {
        "react": ">= 16.3.0",
        "react-dom": ">= 16.3.0"
      }
    },
    "node_modules/react-grid-layout": {
      "version": "1.3.0",
      "resolved": "https://registry.npmjs.org/react-grid-layout/-/react-grid-layout-1.3.0.tgz",
      "integrity": "sha512-WqFwybAItXu0AaSt9YL8+9xE5YotIzMcCYE0Q9XBqSKNyShTxPbC0LjObV/tOWZoADNWJ+osseVfRoZsjzwWXg==",
      "dependencies": {
        "classnames": "2.3.1",
        "lodash.isequal": "^4.0.0",
        "prop-types": "^15.0.0",
        "react-draggable": "^4.0.0",
        "react-resizable": "^3.0.4"
      },
      "peerDependencies": {
        "react": ">= 16.3.0",
        "react-dom": ">= 16.3.0"
      }
    },
    "node_modules/react-is": {
      "version": "16.13.1",
      "resolved": "https://registry.npmjs.org/react-is/-/react-is-16.13.1.tgz",
      "integrity": "sha512-24e6ynE2H+OKt4kqsOvNd8kBpV65zoxbA4BVsEOB3ARVWQki/DHzaUoC5KuON/BiccDaCCTZBuOcfZs70kR8bQ=="
    },
    "node_modules/react-lifecycles-compat": {
      "version": "3.0.4",
      "resolved": "https://registry.npmjs.org/react-lifecycles-compat/-/react-lifecycles-compat-3.0.4.tgz",
      "integrity": "sha512-fBASbA6LnOU9dOU2eW7aQ8xmYBSXUIWr+UmF9b1efZBazGNO+rcXT/icdKnYm2pTwcRylVUYwW7H1PHfLekVzA==",
      "peer": true
    },
    "node_modules/react-resizable": {
      "version": "3.0.4",
      "resolved": "https://registry.npmjs.org/react-resizable/-/react-resizable-3.0.4.tgz",
      "integrity": "sha512-StnwmiESiamNzdRHbSSvA65b0ZQJ7eVQpPusrSmcpyGKzC0gojhtO62xxH6YOBmepk9dQTBi9yxidL3W4s3EBA==",
      "dependencies": {
        "prop-types": "15.x",
        "react-draggable": "^4.0.3"
      },
      "peerDependencies": {
        "react": ">= 16.3"
      }
    },
    "node_modules/resize-observer-polyfill": {
      "version": "1.5.1",
      "resolved": "https://registry.npmjs.org/resize-observer-polyfill/-/resize-observer-polyfill-1.5.1.tgz",
      "integrity": "sha512-LwZrotdHOo12nQuZlHEmtuXdqGoOD0OhaxopaNFxWzInpEgaLWoVuAMbTzixuosCx2nEG58ngzW3vxdWoxIgdg==",
      "peer": true
    },
    "node_modules/scheduler": {
      "version": "0.20.2",
      "resolved": "https://registry.npmjs.org/scheduler/-/scheduler-0.20.2.tgz",
      "integrity": "sha512-2eWfGgAqqWFGqtdMmcL5zCMK1U8KlXv8SQFGglL3CEtd0aDVDWgeF/YoCmvln55m5zSk3J/20hTaSBeSObsQDQ==",
      "peer": true,
      "dependencies": {
        "loose-envify": "^1.1.0",
        "object-assign": "^4.1.1"
      }
    }
  },
  "dependencies": {
    "@nivo/annotations": {
      "version": "0.74.1",
      "resolved": "https://registry.npmjs.org/@nivo/annotations/-/annotations-0.74.1.tgz",
      "integrity": "sha512-xeaSRrsBNJRJ7nenh6b7PpBoAbNamzKLuul4P4ItPaCJRdEbtHtuRDZM67H4zR11PORusAAd8sB1uY4arvrt7Q==",
      "requires": {
        "@nivo/colors": "0.74.1",
        "@react-spring/web": "9.3.1",
        "lodash": "^4.17.21"
      }
    },
    "@nivo/axes": {
      "version": "0.74.1",
      "resolved": "https://registry.npmjs.org/@nivo/axes/-/axes-0.74.1.tgz",
      "integrity": "sha512-kwzjuhB5W204rrqO0mqqXtOvoHt4APNUJxylw5OGQDg9L8f5U28TPq+bGkar+vpKMtpFjQdOiwUoMPAq7RyCYQ==",
      "requires": {
        "@nivo/scales": "0.74.0",
        "@react-spring/web": "9.3.1",
        "d3-format": "^1.4.4",
        "d3-time-format": "^3.0.0"
      }
    },
    "@nivo/colors": {
      "version": "0.74.1",
      "resolved": "https://registry.npmjs.org/@nivo/colors/-/colors-0.74.1.tgz",
      "integrity": "sha512-QS8++QPBC1eQoGVfVy4DHjeAzpWMAkRLfSSTQ9cDDZtzM5Y4AE6AD1P9iXX9987lY080+vEqIu9hgqkoey4V3g==",
      "requires": {
        "d3-color": "^2.0.0",
        "d3-scale": "^3.2.3",
        "d3-scale-chromatic": "^2.0.0",
        "lodash": "^4.17.21",
        "react-motion": "^0.5.2"
      },
      "dependencies": {
        "react-motion": {
          "version": "0.5.2",
          "resolved": "https://registry.npmjs.org/react-motion/-/react-motion-0.5.2.tgz",
          "integrity": "sha512-9q3YAvHoUiWlP3cK0v+w1N5Z23HXMj4IF4YuvjvWegWqNPfLXsOBE/V7UvQGpXxHFKRQQcNcVQE31g9SB/6qgQ==",
          "requires": {
            "performance-now": "^0.2.0",
            "prop-types": "^15.5.8",
            "raf": "^3.1.0"
          }
        }
      }
    },
    "@nivo/core": {
      "version": "0.74.1",
      "resolved": "https://registry.npmjs.org/@nivo/core/-/core-0.74.1.tgz",
      "integrity": "sha512-uwSxCSky95Yc3FLZIqwm27ZHXII25osQGIlSFgehsed/5Zl3RRsQYzffzA+QOcFxLJTQcUx1oUmof0zxbUIbtA==",
      "peer": true,
      "requires": {
        "@nivo/recompose": "0.74.0",
        "@react-spring/web": "9.3.1",
        "d3-color": "^2.0.0",
        "d3-format": "^1.4.4",
        "d3-hierarchy": "^1.1.8",
        "d3-interpolate": "^2.0.1",
        "d3-scale": "^3.2.3",
        "d3-scale-chromatic": "^2.0.0",
        "d3-shape": "^1.3.5",
        "d3-time-format": "^3.0.0",
        "lodash": "^4.17.21",
        "resize-observer-polyfill": "^1.5.1"
      }
    },
    "@nivo/legends": {
      "version": "0.74.1",
      "resolved": "https://registry.npmjs.org/@nivo/legends/-/legends-0.74.1.tgz",
      "integrity": "sha512-ATxAVcX5p/gbcTZ2NfJg7c0GDAyylkFRaViXuVH0+HJT5OHdesvbF/W9x0ieO1XoV6iWDcubkxnsscYFr1UyFA==",
      "requires": {}
    },
    "@nivo/line": {
      "version": "0.74.1",
      "resolved": "https://registry.npmjs.org/@nivo/line/-/line-0.74.1.tgz",
      "integrity": "sha512-vtHnMViVScgHQDtlrIugS4XJRDNy4u+czsDrV1zToBI98u2PAOs13+SmvBlKIipKCXvU+2pzZNqNxSpXETHVCA==",
      "requires": {
        "@nivo/annotations": "0.74.1",
        "@nivo/axes": "0.74.1",
        "@nivo/colors": "0.74.1",
        "@nivo/legends": "0.74.1",
        "@nivo/scales": "0.74.0",
        "@nivo/tooltip": "0.74.1",
        "@nivo/voronoi": "0.74.1",
        "@react-spring/web": "9.3.1",
        "d3-shape": "^1.3.5"
      }
    },
    "@nivo/recompose": {
      "version": "0.74.0",
      "resolved": "https://registry.npmjs.org/@nivo/recompose/-/recompose-0.74.0.tgz",
      "integrity": "sha512-qC9gzGvDIxocrJoozDjqqffOwDpuEZijeMV59KExnztCwIpQbIYVBsDdpvL+tXfWausigSlnGILGfereXJTLUQ==",
      "peer": true,
      "requires": {
        "react-lifecycles-compat": "^3.0.4"
      }
    },
    "@nivo/scales": {
      "version": "0.74.0",
      "resolved": "https://registry.npmjs.org/@nivo/scales/-/scales-0.74.0.tgz",
      "integrity": "sha512-5mER71NgZGdgs8X2PgilBpAWMMGtTXrUuYOBQWDKDMgtc83MU+mphhiYfLv5e6ViZyUB5ebfEkfeIgStLqrcEA==",
      "requires": {
        "d3-scale": "^3.2.3",
        "d3-time": "^1.0.11",
        "d3-time-format": "^3.0.0",
        "lodash": "^4.17.21"
      }
    },
    "@nivo/tooltip": {
      "version": "0.74.1",
      "resolved": "https://registry.npmjs.org/@nivo/tooltip/-/tooltip-0.74.1.tgz",
      "integrity": "sha512-7Z/uHB+u1srlXaQnnywSVY8LOG6TiZpZUu+KRkV5UaOv0RcUqjgAz7vSSoJQIg19s6gOw8YDqm5sgHRtliQ3Wg==",
      "requires": {
        "@react-spring/web": "9.3.1"
      }
    },
    "@nivo/voronoi": {
      "version": "0.74.1",
      "resolved": "https://registry.npmjs.org/@nivo/voronoi/-/voronoi-0.74.1.tgz",
      "integrity": "sha512-1meqmw6wFNthg92WW9dsthJbUak+VuZXXMQpN0/qqZg4VHdW+qxzr6MM4WHLlEokICHsbhMCHSUIR2I41iHgYg==",
      "requires": {
        "d3-delaunay": "^5.3.0",
        "d3-scale": "^3.2.3"
      }
    },
    "@react-spring/animated": {
      "version": "9.3.1",
      "resolved": "https://registry.npmjs.org/@react-spring/animated/-/animated-9.3.1.tgz",
      "integrity": "sha512-23YaERZ++BwZ8F8PxPFqrpOwp/JZun1Pj6aHZtPAU42j5LycBRasT9XMw7Eyr7zNFhT+rl3R3wFfd4WX6Ax+UA==",
      "requires": {
        "@react-spring/shared": "~9.3.0",
        "@react-spring/types": "~9.3.0"
      }
    },
    "@react-spring/core": {
      "version": "9.3.1",
      "resolved": "https://registry.npmjs.org/@react-spring/core/-/core-9.3.1.tgz",
      "integrity": "sha512-8rmfmEHLHGtF1CUiXRn64YJqsXNxv2cGX8oNnBnsuoE33c48Zc34t2VIMB4R9q5zwIUCvDBGfiEenA8ZAPxqOQ==",
      "requires": {
        "@react-spring/animated": "~9.3.0",
        "@react-spring/shared": "~9.3.0",
        "@react-spring/types": "~9.3.0"
      }
    },
    "@react-spring/rafz": {
      "version": "9.3.1",
      "resolved": "https://registry.npmjs.org/@react-spring/rafz/-/rafz-9.3.1.tgz",
      "integrity": "sha512-fEBMCarGVl+/2kdO+g6Zig4F+3ymwmcGN8S71gb1c7Cbbxb87kviPz8EhshfIHoiLeJPGlqwcuGbxNmZbBamvA=="
    },
    "@react-spring/shared": {
      "version": "9.3.1",
      "resolved": "https://registry.npmjs.org/@react-spring/shared/-/shared-9.3.1.tgz",
      "integrity": "sha512-jhPpxzURGo6Nty90ex1lkxmZae7w/VAbnGmb/nXcYoZwSoNR+W2aAd00iXsh2ZGz6MgoJOsc495JeG3uC7Am8A==",
      "requires": {
        "@react-spring/rafz": "~9.3.0",
        "@react-spring/types": "~9.3.0"
      }
    },
    "@react-spring/types": {
      "version": "9.3.1",
      "resolved": "https://registry.npmjs.org/@react-spring/types/-/types-9.3.1.tgz",
      "integrity": "sha512-W/YMJMX35XgGGzX0gKORBTwnvQ+1loDOFN3XlZkW5fgpEY+7VkRUpPyqPWXQr3n6lHrsLmHIGdpznqZi54ACTQ=="
    },
    "@react-spring/web": {
      "version": "9.3.1",
      "resolved": "https://registry.npmjs.org/@react-spring/web/-/web-9.3.1.tgz",
      "integrity": "sha512-sisZIgFGva/Z+xKWPSfXpukF0AP3kR9ALTxlHL87fVotMUCJX5vtH/YlVcywToEFwTHKt3MpI5Wy2M+vgVEeaw==",
      "requires": {
        "@react-spring/animated": "~9.3.0",
        "@react-spring/core": "~9.3.0",
        "@react-spring/shared": "~9.3.0",
        "@react-spring/types": "~9.3.0"
      }
    },
    "chart.js": {
      "version": "3.6.0",
      "resolved": "https://registry.npmjs.org/chart.js/-/chart.js-3.6.0.tgz",
      "integrity": "sha512-iOzzDKePL+bj+ccIsVAgWQehCXv8xOKGbaU2fO/myivH736zcx535PGJzQGanvcSGVOqX6yuLZsN3ygcQ35UgQ=="
    },
    "classnames": {
      "version": "2.3.1",
      "resolved": "https://registry.npmjs.org/classnames/-/classnames-2.3.1.tgz",
      "integrity": "sha512-OlQdbZ7gLfGarSqxesMesDa5uz7KFbID8Kpq/SxIoNGDqY8lSYs0D+hhtBXhcdB3rcbXArFr7vlHheLk1voeNA=="
    },
    "clsx": {
      "version": "1.1.1",
      "resolved": "https://registry.npmjs.org/clsx/-/clsx-1.1.1.tgz",
      "integrity": "sha512-6/bPho624p3S2pMyvP5kKBPXnI3ufHLObBFCfgx+LkeR5lg2XYy2hqZqUf45ypD8COn2bhgGJSUE+l5dhNBieA=="
    },
    "d3-array": {
      "version": "2.12.1",
      "resolved": "https://registry.npmjs.org/d3-array/-/d3-array-2.12.1.tgz",
      "integrity": "sha512-B0ErZK/66mHtEsR1TkPEEkwdy+WDesimkM5gpZr5Dsg54BiTA5RXtYW5qTLIAcekaS9xfZrzBLF/OAkB3Qn1YQ==",
      "requires": {
        "internmap": "^1.0.0"
      }
    },
    "d3-color": {
      "version": "2.0.0",
      "resolved": "https://registry.npmjs.org/d3-color/-/d3-color-2.0.0.tgz",
      "integrity": "sha512-SPXi0TSKPD4g9tw0NMZFnR95XVgUZiBH+uUTqQuDu1OsE2zomHU7ho0FISciaPvosimixwHFl3WHLGabv6dDgQ=="
    },
    "d3-delaunay": {
      "version": "5.3.0",
      "resolved": "https://registry.npmjs.org/d3-delaunay/-/d3-delaunay-5.3.0.tgz",
      "integrity": "sha512-amALSrOllWVLaHTnDLHwMIiz0d1bBu9gZXd1FiLfXf8sHcX9jrcj81TVZOqD4UX7MgBZZ07c8GxzEgBpJqc74w==",
      "requires": {
        "delaunator": "4"
      }
    },
    "d3-format": {
      "version": "1.4.5",
      "resolved": "https://registry.npmjs.org/d3-format/-/d3-format-1.4.5.tgz",
      "integrity": "sha512-J0piedu6Z8iB6TbIGfZgDzfXxUFN3qQRMofy2oPdXzQibYGqPB/9iMcxr/TGalU+2RsyDO+U4f33id8tbnSRMQ=="
    },
    "d3-hierarchy": {
      "version": "1.1.9",
      "resolved": "https://registry.npmjs.org/d3-hierarchy/-/d3-hierarchy-1.1.9.tgz",
      "integrity": "sha512-j8tPxlqh1srJHAtxfvOUwKNYJkQuBFdM1+JAUfq6xqH5eAqf93L7oG1NVqDa4CpFZNvnNKtCYEUC8KY9yEn9lQ==",
      "peer": true
    },
    "d3-interpolate": {
      "version": "2.0.1",
      "resolved": "https://registry.npmjs.org/d3-interpolate/-/d3-interpolate-2.0.1.tgz",
      "integrity": "sha512-c5UhwwTs/yybcmTpAVqwSFl6vrQ8JZJoT5F7xNFK9pymv5C0Ymcc9/LIJHtYIggg/yS9YHw8i8O8tgb9pupjeQ==",
      "requires": {
        "d3-color": "1 - 2"
      }
    },
    "d3-path": {
      "version": "1.0.9",
      "resolved": "https://registry.npmjs.org/d3-path/-/d3-path-1.0.9.tgz",
      "integrity": "sha512-VLaYcn81dtHVTjEHd8B+pbe9yHWpXKZUC87PzoFmsFrJqgFwDe/qxfp5MlfsfM1V5E/iVt0MmEbWQ7FVIXh/bg=="
    },
    "d3-scale": {
      "version": "3.3.0",
      "resolved": "https://registry.npmjs.org/d3-scale/-/d3-scale-3.3.0.tgz",
      "integrity": "sha512-1JGp44NQCt5d1g+Yy+GeOnZP7xHo0ii8zsQp6PGzd+C1/dl0KGsp9A7Mxwp+1D1o4unbTTxVdU/ZOIEBoeZPbQ==",
      "requires": {
        "d3-array": "^2.3.0",
        "d3-format": "1 - 2",
        "d3-interpolate": "1.2.0 - 2",
        "d3-time": "^2.1.1",
        "d3-time-format": "2 - 3"
      },
      "dependencies": {
        "d3-time": {
          "version": "2.1.1",
          "resolved": "https://registry.npmjs.org/d3-time/-/d3-time-2.1.1.tgz",
          "integrity": "sha512-/eIQe/eR4kCQwq7yxi7z4c6qEXf2IYGcjoWB5OOQy4Tq9Uv39/947qlDcN2TLkiTzQWzvnsuYPB9TrWaNfipKQ==",
          "requires": {
            "d3-array": "2"
          }
        }
      }
    },
    "d3-scale-chromatic": {
      "version": "2.0.0",
      "resolved": "https://registry.npmjs.org/d3-scale-chromatic/-/d3-scale-chromatic-2.0.0.tgz",
      "integrity": "sha512-LLqy7dJSL8yDy7NRmf6xSlsFZ6zYvJ4BcWFE4zBrOPnQERv9zj24ohnXKRbyi9YHnYV+HN1oEO3iFK971/gkzA==",
      "requires": {
        "d3-color": "1 - 2",
        "d3-interpolate": "1 - 2"
      }
    },
    "d3-shape": {
      "version": "1.3.7",
      "resolved": "https://registry.npmjs.org/d3-shape/-/d3-shape-1.3.7.tgz",
      "integrity": "sha512-EUkvKjqPFUAZyOlhY5gzCxCeI0Aep04LwIRpsZ/mLFelJiUfnK56jo5JMDSE7yyP2kLSb6LtF+S5chMk7uqPqw==",
      "requires": {
        "d3-path": "1"
      }
    },
    "d3-time": {
      "version": "1.1.0",
      "resolved": "https://registry.npmjs.org/d3-time/-/d3-time-1.1.0.tgz",
      "integrity": "sha512-Xh0isrZ5rPYYdqhAVk8VLnMEidhz5aP7htAADH6MfzgmmicPkTo8LhkLxci61/lCB7n7UmE3bN0leRt+qvkLxA=="
    },
    "d3-time-format": {
      "version": "3.0.0",
      "resolved": "https://registry.npmjs.org/d3-time-format/-/d3-time-format-3.0.0.tgz",
      "integrity": "sha512-UXJh6EKsHBTjopVqZBhFysQcoXSv/5yLONZvkQ5Kk3qbwiUYkdX17Xa1PT6U1ZWXGGfB1ey5L8dKMlFq2DO0Ag==",
      "requires": {
        "d3-time": "1 - 2"
      }
    },
    "delaunator": {
      "version": "4.0.1",
      "resolved": "https://registry.npmjs.org/delaunator/-/delaunator-4.0.1.tgz",
      "integrity": "sha512-WNPWi1IRKZfCt/qIDMfERkDp93+iZEmOxN2yy4Jg+Xhv8SLk2UTqqbe1sfiipn0and9QrE914/ihdx82Y/Giag=="
    },
    "internmap": {
      "version": "1.0.1",
      "resolved": "https://registry.npmjs.org/internmap/-/internmap-1.0.1.tgz",
      "integrity": "sha512-lDB5YccMydFBtasVtxnZ3MRBHuaoE8GKsppq+EchKL2U4nK/DmEpPHNH8MZe5HkMtpSiTSOZwfN0tzYjO/lJEw=="
    },
    "js-tokens": {
      "version": "4.0.0",
      "resolved": "https://registry.npmjs.org/js-tokens/-/js-tokens-4.0.0.tgz",
      "integrity": "sha512-RdJUflcE3cUzKiMqQgsCu06FPu9UdIJO0beYbPhHN4k6apgJtifcoCtT9bcxOpYBtpD2kCM6Sbzg4CausW/PKQ=="
    },
    "lodash": {
      "version": "4.17.21",
      "resolved": "https://registry.npmjs.org/lodash/-/lodash-4.17.21.tgz",
      "integrity": "sha512-v2kDEe57lecTulaDIuNTPy3Ry4gLGJ6Z1O3vE1krgXZNrsQ+LFTGHVxVjcXPs17LhbZVGedAJv8XZ1tvj5FvSg=="
    },
    "lodash.isequal": {
      "version": "4.5.0",
      "resolved": "https://registry.npmjs.org/lodash.isequal/-/lodash.isequal-4.5.0.tgz",
      "integrity": "sha1-QVxEePK8wwEgwizhDtMib30+GOA="
    },
    "loose-envify": {
      "version": "1.4.0",
      "resolved": "https://registry.npmjs.org/loose-envify/-/loose-envify-1.4.0.tgz",
      "integrity": "sha512-lyuxPGr/Wfhrlem2CL/UcnUc1zcqKAImBDzukY7Y5F/yQiNdko6+fRLevlw1HgMySw7f611UIY408EtxRSoK3Q==",
      "requires": {
        "js-tokens": "^3.0.0 || ^4.0.0"
      }
    },
    "object-assign": {
      "version": "4.1.1",
      "resolved": "https://registry.npmjs.org/object-assign/-/object-assign-4.1.1.tgz",
      "integrity": "sha1-IQmtx5ZYh8/AXLvUQsrIv7s2CGM="
    },
    "performance-now": {
      "version": "0.2.0",
      "resolved": "https://registry.npmjs.org/performance-now/-/performance-now-0.2.0.tgz",
      "integrity": "sha1-M+8wxcd9TqIcWlOGnZG1bY8lVeU="
    },
    "prop-types": {
      "version": "15.7.2",
      "resolved": "https://registry.npmjs.org/prop-types/-/prop-types-15.7.2.tgz",
      "integrity": "sha512-8QQikdH7//R2vurIJSutZ1smHYTcLpRWEOlHnzcWHmBYrOGUysKwSsrC89BCiFj3CbrfJ/nXFdJepOVrY1GCHQ==",
      "requires": {
        "loose-envify": "^1.4.0",
        "object-assign": "^4.1.1",
        "react-is": "^16.8.1"
      }
    },
    "raf": {
      "version": "3.4.1",
      "resolved": "https://registry.npmjs.org/raf/-/raf-3.4.1.tgz",
      "integrity": "sha512-Sq4CW4QhwOHE8ucn6J34MqtZCeWFP2aQSmrlroYgqAV1PjStIhJXxYuTgUIfkEk7zTLjmIjLmU5q+fbD1NnOJA==",
      "requires": {
        "performance-now": "^2.1.0"
      },
      "dependencies": {
        "performance-now": {
          "version": "2.1.0",
          "resolved": "https://registry.npmjs.org/performance-now/-/performance-now-2.1.0.tgz",
          "integrity": "sha1-Ywn04OX6kT7BxpMHrjZLSzd8nns="
        }
      }
    },
    "react": {
      "version": "17.0.2",
      "resolved": "https://registry.npmjs.org/react/-/react-17.0.2.tgz",
      "integrity": "sha512-gnhPt75i/dq/z3/6q/0asP78D0u592D5L1pd7M8P+dck6Fu/jJeL6iVVK23fptSUZj8Vjf++7wXA8UNclGQcbA==",
      "peer": true,
      "requires": {
        "loose-envify": "^1.1.0",
        "object-assign": "^4.1.1"
      }
    },
    "react-dom": {
      "version": "17.0.2",
      "resolved": "https://registry.npmjs.org/react-dom/-/react-dom-17.0.2.tgz",
      "integrity": "sha512-s4h96KtLDUQlsENhMn1ar8t2bEa+q/YAtj8pPPdIjPDGBDIVNsrD9aXNWqspUe6AzKCIG0C1HZZLqLV7qpOBGA==",
      "peer": true,
      "requires": {
        "loose-envify": "^1.1.0",
        "object-assign": "^4.1.1",
        "scheduler": "^0.20.2"
      }
    },
    "react-draggable": {
      "version": "4.4.4",
      "resolved": "https://registry.npmjs.org/react-draggable/-/react-draggable-4.4.4.tgz",
      "integrity": "sha512-6e0WdcNLwpBx/YIDpoyd2Xb04PB0elrDrulKUgdrIlwuYvxh5Ok9M+F8cljm8kPXXs43PmMzek9RrB1b7mLMqA==",
      "requires": {
        "clsx": "^1.1.1",
        "prop-types": "^15.6.0"
      }
    },
    "react-grid-layout": {
      "version": "1.3.0",
      "resolved": "https://registry.npmjs.org/react-grid-layout/-/react-grid-layout-1.3.0.tgz",
      "integrity": "sha512-WqFwybAItXu0AaSt9YL8+9xE5YotIzMcCYE0Q9XBqSKNyShTxPbC0LjObV/tOWZoADNWJ+osseVfRoZsjzwWXg==",
      "requires": {
        "classnames": "2.3.1",
        "lodash.isequal": "^4.0.0",
        "prop-types": "^15.0.0",
        "react-draggable": "^4.0.0",
        "react-resizable": "^3.0.4"
      }
    },
    "react-is": {
      "version": "16.13.1",
      "resolved": "https://registry.npmjs.org/react-is/-/react-is-16.13.1.tgz",
      "integrity": "sha512-24e6ynE2H+OKt4kqsOvNd8kBpV65zoxbA4BVsEOB3ARVWQki/DHzaUoC5KuON/BiccDaCCTZBuOcfZs70kR8bQ=="
    },
    "react-lifecycles-compat": {
      "version": "3.0.4",
      "resolved": "https://registry.npmjs.org/react-lifecycles-compat/-/react-lifecycles-compat-3.0.4.tgz",
      "integrity": "sha512-fBASbA6LnOU9dOU2eW7aQ8xmYBSXUIWr+UmF9b1efZBazGNO+rcXT/icdKnYm2pTwcRylVUYwW7H1PHfLekVzA==",
      "peer": true
    },
    "react-resizable": {
      "version": "3.0.4",
      "resolved": "https://registry.npmjs.org/react-resizable/-/react-resizable-3.0.4.tgz",
      "integrity": "sha512-StnwmiESiamNzdRHbSSvA65b0ZQJ7eVQpPusrSmcpyGKzC0gojhtO62xxH6YOBmepk9dQTBi9yxidL3W4s3EBA==",
      "requires": {
        "prop-types": "15.x",
        "react-draggable": "^4.0.3"
      }
    },
    "resize-observer-polyfill": {
      "version": "1.5.1",
      "resolved": "https://registry.npmjs.org/resize-observer-polyfill/-/resize-observer-polyfill-1.5.1.tgz",
      "integrity": "sha512-LwZrotdHOo12nQuZlHEmtuXdqGoOD0OhaxopaNFxWzInpEgaLWoVuAMbTzixuosCx2nEG58ngzW3vxdWoxIgdg==",
      "peer": true
    },
    "scheduler": {
      "version": "0.20.2",
      "resolved": "https://registry.npmjs.org/scheduler/-/scheduler-0.20.2.tgz",
      "integrity": "sha512-2eWfGgAqqWFGqtdMmcL5zCMK1U8KlXv8SQFGglL3CEtd0aDVDWgeF/YoCmvln55m5zSk3J/20hTaSBeSObsQDQ==",
      "peer": true,
      "requires": {
        "loose-envify": "^1.1.0",
        "object-assign": "^4.1.1"
      }
    }
  }
}
